
Microsoft Visual Studio Solution File, Format Version 12.00
# Visual Studio Version 17
VisualStudioVersion = 17.5.002.0
MinimumVisualStudioVersion = 10.0.40219.1
Project("{9A19103F-16F7-4668-BE54-9A1E7A4F7556}") = "Discount.Grpc", "Discount.Grpc.csproj", "{2ADEFEFE-543E-4F88-8533-A5D33984991E}"
EndProject
Global
	GlobalSection(SolutionConfigurationPlatforms) = preSolution
		Debug|Any CPU = Debug|Any CPU
		Release|Any CPU = Release|Any CPU
	EndGlobalSection
	GlobalSection(ProjectConfigurationPlatforms) = postSolution
		{2ADEFEFE-543E-4F88-8533-A5D33984991E}.Debug|Any CPU.ActiveCfg = Debug|Any CPU
		{2ADEFEFE-543E-4F88-8533-A5D33984991E}.Debug|Any CPU.Build.0 = Debug|Any CPU
		{2ADEFEFE-543E-4F88-8533-A5D33984991E}.Release|Any CPU.ActiveCfg = Release|Any CPU
		{2ADEFEFE-543E-4F88-8533-A5D33984991E}.Release|Any CPU.Build.0 = Release|Any CPU
	EndGlobalSection
	GlobalSection(SolutionProperties) = preSolution
		HideSolutionNode = FALSE
	EndGlobalSection
	GlobalSection(ExtensibilityGlobals) = postSolution
		SolutionGuid = {7BE4C8A8-3AEE-45FB-A2FC-14FD21B12EAA}
	EndGlobalSection
EndGlobal
