
Microsoft Visual Studio Solution File, Format Version 12.00
# Visual Studio Version 17
VisualStudioVersion = 17.5.002.0
MinimumVisualStudioVersion = 10.0.40219.1
Project("{9A19103F-16F7-4668-BE54-9A1E7A4F7556}") = "Ordering.Infrastructure", "Ordering.Infrastructure.csproj", "{CA56ECF3-4550-4DA5-A5CF-719D42655B28}"
EndProject
Global
	GlobalSection(SolutionConfigurationPlatforms) = preSolution
		Debug|Any CPU = Debug|Any CPU
		Release|Any CPU = Release|Any CPU
	EndGlobalSection
	GlobalSection(ProjectConfigurationPlatforms) = postSolution
		{CA56ECF3-4550-4DA5-A5CF-719D42655B28}.Debug|Any CPU.ActiveCfg = Debug|Any CPU
		{CA56ECF3-4550-4DA5-A5CF-719D42655B28}.Debug|Any CPU.Build.0 = Debug|Any CPU
		{CA56ECF3-4550-4DA5-A5CF-719D42655B28}.Release|Any CPU.ActiveCfg = Release|Any CPU
		{CA56ECF3-4550-4DA5-A5CF-719D42655B28}.Release|Any CPU.Build.0 = Release|Any CPU
	EndGlobalSection
	GlobalSection(SolutionProperties) = preSolution
		HideSolutionNode = FALSE
	EndGlobalSection
	GlobalSection(ExtensibilityGlobals) = postSolution
		SolutionGuid = {857D3412-01FB-40A7-B588-836BBE1CFCE7}
	EndGlobalSection
EndGlobal
