
Microsoft Visual Studio Solution File, Format Version 12.00
# Visual Studio Version 17
VisualStudioVersion = 17.5.002.0
MinimumVisualStudioVersion = 10.0.40219.1
Project("{9A19103F-16F7-4668-BE54-9A1E7A4F7556}") = "Ordering.Application", "Ordering.Application.csproj", "{A2B62C9B-04BE-4AAE-A63F-0CDB517EB01C}"
EndProject
Global
	GlobalSection(SolutionConfigurationPlatforms) = preSolution
		Debug|Any CPU = Debug|Any CPU
		Release|Any CPU = Release|Any CPU
	EndGlobalSection
	GlobalSection(ProjectConfigurationPlatforms) = postSolution
		{A2B62C9B-04BE-4AAE-A63F-0CDB517EB01C}.Debug|Any CPU.ActiveCfg = Debug|Any CPU
		{A2B62C9B-04BE-4AAE-A63F-0CDB517EB01C}.Debug|Any CPU.Build.0 = Debug|Any CPU
		{A2B62C9B-04BE-4AAE-A63F-0CDB517EB01C}.Release|Any CPU.ActiveCfg = Release|Any CPU
		{A2B62C9B-04BE-4AAE-A63F-0CDB517EB01C}.Release|Any CPU.Build.0 = Release|Any CPU
	EndGlobalSection
	GlobalSection(SolutionProperties) = preSolution
		HideSolutionNode = FALSE
	EndGlobalSection
	GlobalSection(ExtensibilityGlobals) = postSolution
		SolutionGuid = {581E8BEB-943E-4BD5-8EA4-62F053BF1D34}
	EndGlobalSection
EndGlobal
